
Microsoft Visual Studio Solution File, Format Version 12.00
# Visual Studio Version 17
VisualStudioVersion = 17.5.002.0
MinimumVisualStudioVersion = 10.0.40219.1
Project("{9A19103F-16F7-4668-BE54-9A1E7A4F7556}") = "ParaMeuCurriculo", "ParaMeuCurriculo.csproj", "{16298F9A-3601-4B8C-B0D9-56000130176B}"
EndProject
Global
	GlobalSection(SolutionConfigurationPlatforms) = preSolution
		Debug|Any CPU = Debug|Any CPU
		Release|Any CPU = Release|Any CPU
	EndGlobalSection
	GlobalSection(ProjectConfigurationPlatforms) = postSolution
		{16298F9A-3601-4B8C-B0D9-56000130176B}.Debug|Any CPU.ActiveCfg = Debug|Any CPU
		{16298F9A-3601-4B8C-B0D9-56000130176B}.Debug|Any CPU.Build.0 = Debug|Any CPU
		{16298F9A-3601-4B8C-B0D9-56000130176B}.Release|Any CPU.ActiveCfg = Release|Any CPU
		{16298F9A-3601-4B8C-B0D9-56000130176B}.Release|Any CPU.Build.0 = Release|Any CPU
	EndGlobalSection
	GlobalSection(SolutionProperties) = preSolution
		HideSolutionNode = FALSE
	EndGlobalSection
	GlobalSection(ExtensibilityGlobals) = postSolution
		SolutionGuid = {64C2F048-0A9F-4DA8-9207-285A5CBA8D52}
	EndGlobalSection
EndGlobal
